
Microsoft Visual Studio Solution File, Format Version 12.00
# Visual Studio Version 16
VisualStudioVersion = 16.0.30907.101
MinimumVisualStudioVersion = 10.0.40219.1
Project("{FAE04EC0-301F-11D3-BF4B-00C04F79EFBC}") = "B2CTokenRefreshSample.Server", "Server\B2CTokenRefreshSample.Server.csproj", "{1B7201BA-9893-446B-89E6-4C69EA6E5836}"
EndProject
Project("{FAE04EC0-301F-11D3-BF4B-00C04F79EFBC}") = "B2CTokenRefreshSample.Client", "Client\B2CTokenRefreshSample.Client.csproj", "{8670F159-7D95-4291-A891-E171F9162A1E}"
EndProject
Project("{FAE04EC0-301F-11D3-BF4B-00C04F79EFBC}") = "B2CTokenRefreshSample.Shared", "Shared\B2CTokenRefreshSample.Shared.csproj", "{B5F4299F-3C74-4020-946B-B82EF17F930E}"
EndProject
Global
	GlobalSection(SolutionConfigurationPlatforms) = preSolution
		Debug|Any CPU = Debug|Any CPU
		Release|Any CPU = Release|Any CPU
	EndGlobalSection
	GlobalSection(ProjectConfigurationPlatforms) = postSolution
		{1B7201BA-9893-446B-89E6-4C69EA6E5836}.Debug|Any CPU.ActiveCfg = Debug|Any CPU
		{1B7201BA-9893-446B-89E6-4C69EA6E5836}.Debug|Any CPU.Build.0 = Debug|Any CPU
		{1B7201BA-9893-446B-89E6-4C69EA6E5836}.Release|Any CPU.ActiveCfg = Release|Any CPU
		{1B7201BA-9893-446B-89E6-4C69EA6E5836}.Release|Any CPU.Build.0 = Release|Any CPU
		{8670F159-7D95-4291-A891-E171F9162A1E}.Debug|Any CPU.ActiveCfg = Debug|Any CPU
		{8670F159-7D95-4291-A891-E171F9162A1E}.Debug|Any CPU.Build.0 = Debug|Any CPU
		{8670F159-7D95-4291-A891-E171F9162A1E}.Release|Any CPU.ActiveCfg = Release|Any CPU
		{8670F159-7D95-4291-A891-E171F9162A1E}.Release|Any CPU.Build.0 = Release|Any CPU
		{B5F4299F-3C74-4020-946B-B82EF17F930E}.Debug|Any CPU.ActiveCfg = Debug|Any CPU
		{B5F4299F-3C74-4020-946B-B82EF17F930E}.Debug|Any CPU.Build.0 = Debug|Any CPU
		{B5F4299F-3C74-4020-946B-B82EF17F930E}.Release|Any CPU.ActiveCfg = Release|Any CPU
		{B5F4299F-3C74-4020-946B-B82EF17F930E}.Release|Any CPU.Build.0 = Release|Any CPU
	EndGlobalSection
	GlobalSection(SolutionProperties) = preSolution
		HideSolutionNode = FALSE
	EndGlobalSection
	GlobalSection(ExtensibilityGlobals) = postSolution
		SolutionGuid = {925A21A7-B910-45D9-8C2C-34F5C27E6ADD}
	EndGlobalSection
EndGlobal
